
Microsoft Visual Studio Solution File, Format Version 12.00
# Visual Studio 15
VisualStudioVersion = 15.0.28307.539
MinimumVisualStudioVersion = 10.0.40219.1
Project("{FAE04EC0-301F-11D3-BF4B-00C04F79EFBC}") = "Budget App", "Budget App\Budget App.csproj", "{741CBD91-38AD-4868-BA8A-943DA9F5DECC}"
EndProject
Global
	GlobalSection(SolutionConfigurationPlatforms) = preSolution
		Debug|Any CPU = Debug|Any CPU
		Release|Any CPU = Release|Any CPU
	EndGlobalSection
	GlobalSection(ProjectConfigurationPlatforms) = postSolution
		{741CBD91-38AD-4868-BA8A-943DA9F5DECC}.Debug|Any CPU.ActiveCfg = Debug|Any CPU
		{741CBD91-38AD-4868-BA8A-943DA9F5DECC}.Debug|Any CPU.Build.0 = Debug|Any CPU
		{741CBD91-38AD-4868-BA8A-943DA9F5DECC}.Release|Any CPU.ActiveCfg = Release|Any CPU
		{741CBD91-38AD-4868-BA8A-943DA9F5DECC}.Release|Any CPU.Build.0 = Release|Any CPU
	EndGlobalSection
	GlobalSection(SolutionProperties) = preSolution
		HideSolutionNode = FALSE
	EndGlobalSection
	GlobalSection(ExtensibilityGlobals) = postSolution
		SolutionGuid = {CF64D936-6255-41B0-A548-AA2B8DA7F9AA}
	EndGlobalSection
EndGlobal
